# THIS IS AN AUTOGENERATED FILE. DO NOT EDIT THIS FILE DIRECTLY.
# yarn lockfile v1


notify.js@^0.0.3:
  version "0.0.3"
  resolved "https://registry.yarnpkg.com/notify.js/-/notify.js-0.0.3.tgz#3e12fb0cac16b2f61e1a6a8f2554e3ffd4b88ad8"
  integrity sha1-PhL7DKwWsvYeGmqPJVTj/9S4itg=
  dependencies:
    underscore "1.5.2"

underscore@1.5.2:
  version "1.5.2"
  resolved "https://registry.yarnpkg.com/underscore/-/underscore-1.5.2.tgz#1335c5e4f5e6d33bbb4b006ba8c86a00f556de08"
  integrity sha1-EzXF5PXm0zu7SwBrqMhqAPVW3gg=
